
Microsoft Visual Studio Solution File, Format Version 12.00
# Visual Studio Version 17
VisualStudioVersion = 17.5.33530.505
MinimumVisualStudioVersion = 10.0.40219.1
Project("{9A19103F-16F7-4668-BE54-9A1E7A4F7556}") = "DeferredTranslationByBrowserLanguage", "DeferredTranslationByBrowserLanguage\DeferredTranslationByBrowserLanguage.csproj", "{0F2392BA-7200-43A6-9BDD-2912E48657EE}"
EndProject
Project("{9A19103F-16F7-4668-BE54-9A1E7A4F7556}") = "DeferredTranslationWithCookies", "DeferredTranslationWithCookies\DeferredTranslationWithCookies.csproj", "{1FBC9D00-539E-4437-A519-67F1593D7715}"
EndProject
Project("{9A19103F-16F7-4668-BE54-9A1E7A4F7556}") = "DeferredTranslationWithUrl", "DeferredTranslationWithUrl\DeferredTranslationWithUrl.csproj", "{388E4CD4-118D-4C0D-B667-48D898A7D867}"
EndProject
Project("{9A19103F-16F7-4668-BE54-9A1E7A4F7556}") = "InstantTranslationWithUrl", "InstantTranslationWithUrl\InstantTranslationWithUrl.csproj", "{3F5AD9F7-E2EF-4D0E-9453-70952C6F7967}"
EndProject
Project("{9A19103F-16F7-4668-BE54-9A1E7A4F7556}") = "InstantTranslationWithLocalStorage", "InstantTranslationWithLocalStorage\InstantTranslationWithLocalStorage.csproj", "{3124C119-7AC0-4093-A0CE-9D4859E5DB6E}"
EndProject
Global
	GlobalSection(SolutionConfigurationPlatforms) = preSolution
		Debug|Any CPU = Debug|Any CPU
		Release|Any CPU = Release|Any CPU
	EndGlobalSection
	GlobalSection(ProjectConfigurationPlatforms) = postSolution
		{0F2392BA-7200-43A6-9BDD-2912E48657EE}.Debug|Any CPU.ActiveCfg = Debug|Any CPU
		{0F2392BA-7200-43A6-9BDD-2912E48657EE}.Debug|Any CPU.Build.0 = Debug|Any CPU
		{0F2392BA-7200-43A6-9BDD-2912E48657EE}.Release|Any CPU.ActiveCfg = Release|Any CPU
		{0F2392BA-7200-43A6-9BDD-2912E48657EE}.Release|Any CPU.Build.0 = Release|Any CPU
		{1FBC9D00-539E-4437-A519-67F1593D7715}.Debug|Any CPU.ActiveCfg = Debug|Any CPU
		{1FBC9D00-539E-4437-A519-67F1593D7715}.Debug|Any CPU.Build.0 = Debug|Any CPU
		{1FBC9D00-539E-4437-A519-67F1593D7715}.Release|Any CPU.ActiveCfg = Release|Any CPU
		{1FBC9D00-539E-4437-A519-67F1593D7715}.Release|Any CPU.Build.0 = Release|Any CPU
		{388E4CD4-118D-4C0D-B667-48D898A7D867}.Debug|Any CPU.ActiveCfg = Debug|Any CPU
		{388E4CD4-118D-4C0D-B667-48D898A7D867}.Debug|Any CPU.Build.0 = Debug|Any CPU
		{388E4CD4-118D-4C0D-B667-48D898A7D867}.Release|Any CPU.ActiveCfg = Release|Any CPU
		{388E4CD4-118D-4C0D-B667-48D898A7D867}.Release|Any CPU.Build.0 = Release|Any CPU
		{3F5AD9F7-E2EF-4D0E-9453-70952C6F7967}.Debug|Any CPU.ActiveCfg = Debug|Any CPU
		{3F5AD9F7-E2EF-4D0E-9453-70952C6F7967}.Debug|Any CPU.Build.0 = Debug|Any CPU
		{3F5AD9F7-E2EF-4D0E-9453-70952C6F7967}.Release|Any CPU.ActiveCfg = Release|Any CPU
		{3F5AD9F7-E2EF-4D0E-9453-70952C6F7967}.Release|Any CPU.Build.0 = Release|Any CPU
		{3124C119-7AC0-4093-A0CE-9D4859E5DB6E}.Debug|Any CPU.ActiveCfg = Debug|Any CPU
		{3124C119-7AC0-4093-A0CE-9D4859E5DB6E}.Debug|Any CPU.Build.0 = Debug|Any CPU
		{3124C119-7AC0-4093-A0CE-9D4859E5DB6E}.Release|Any CPU.ActiveCfg = Release|Any CPU
		{3124C119-7AC0-4093-A0CE-9D4859E5DB6E}.Release|Any CPU.Build.0 = Release|Any CPU
	EndGlobalSection
	GlobalSection(SolutionProperties) = preSolution
		HideSolutionNode = FALSE
	EndGlobalSection
	GlobalSection(ExtensibilityGlobals) = postSolution
		SolutionGuid = {3F00B067-78E8-4B2E-8405-E2F6AEA0DAEA}
	EndGlobalSection
EndGlobal
